
Microsoft Visual Studio Solution File, Format Version 12.00
# Visual Studio 15
VisualStudioVersion = 15.0.28307.1000
MinimumVisualStudioVersion = 10.0.40219.1
Project("{FAE04EC0-301F-11D3-BF4B-00C04F79EFBC}") = "NCKH.HTMLSteg", "NCKH.HTMLSteg\NCKH.HTMLSteg.csproj", "{2C56BDE7-19C1-4516-AF9A-BAE7FCA2F123}"
EndProject
Project("{FAE04EC0-301F-11D3-BF4B-00C04F79EFBC}") = "NCKH.HTML.AppClient", "NCKH.HTML.AppClient\NCKH.HTML.AppClient.csproj", "{159C4EC1-1CA7-4E1E-8DDE-A93D095AD5AC}"
EndProject
Project("{FAE04EC0-301F-11D3-BF4B-00C04F79EFBC}") = "NCKH.HTMLSteganoCore", "NCKH.HTMLSteganoCore\NCKH.HTMLSteganoCore.csproj", "{AE2D4E24-5188-4C0B-B2EF-BEF82CBECC0F}"
EndProject
Global
	GlobalSection(SolutionConfigurationPlatforms) = preSolution
		Debug|Any CPU = Debug|Any CPU
		Release|Any CPU = Release|Any CPU
	EndGlobalSection
	GlobalSection(ProjectConfigurationPlatforms) = postSolution
		{2C56BDE7-19C1-4516-AF9A-BAE7FCA2F123}.Debug|Any CPU.ActiveCfg = Debug|Any CPU
		{2C56BDE7-19C1-4516-AF9A-BAE7FCA2F123}.Debug|Any CPU.Build.0 = Debug|Any CPU
		{2C56BDE7-19C1-4516-AF9A-BAE7FCA2F123}.Release|Any CPU.ActiveCfg = Release|Any CPU
		{2C56BDE7-19C1-4516-AF9A-BAE7FCA2F123}.Release|Any CPU.Build.0 = Release|Any CPU
		{159C4EC1-1CA7-4E1E-8DDE-A93D095AD5AC}.Debug|Any CPU.ActiveCfg = Debug|Any CPU
		{159C4EC1-1CA7-4E1E-8DDE-A93D095AD5AC}.Debug|Any CPU.Build.0 = Debug|Any CPU
		{159C4EC1-1CA7-4E1E-8DDE-A93D095AD5AC}.Release|Any CPU.ActiveCfg = Release|Any CPU
		{159C4EC1-1CA7-4E1E-8DDE-A93D095AD5AC}.Release|Any CPU.Build.0 = Release|Any CPU
		{AE2D4E24-5188-4C0B-B2EF-BEF82CBECC0F}.Debug|Any CPU.ActiveCfg = Debug|Any CPU
		{AE2D4E24-5188-4C0B-B2EF-BEF82CBECC0F}.Debug|Any CPU.Build.0 = Debug|Any CPU
		{AE2D4E24-5188-4C0B-B2EF-BEF82CBECC0F}.Release|Any CPU.ActiveCfg = Release|Any CPU
		{AE2D4E24-5188-4C0B-B2EF-BEF82CBECC0F}.Release|Any CPU.Build.0 = Release|Any CPU
	EndGlobalSection
	GlobalSection(SolutionProperties) = preSolution
		HideSolutionNode = FALSE
	EndGlobalSection
	GlobalSection(ExtensibilityGlobals) = postSolution
		SolutionGuid = {C18AB01D-DED9-4AD9-AE77-804E9B8D3E2D}
	EndGlobalSection
EndGlobal
